
Microsoft Visual Studio Solution File, Format Version 11.00
# Visual Studio 2010
Project("{FAE04EC0-301F-11D3-BF4B-00C04F79EFBC}") = "FbTracker.Silverligth", "FbTracker\FbTracker.Silverligth.csproj", "{3A722C9E-9BE8-47D1-9DF8-4F46C63F7847}"
EndProject
Project("{FAE04EC0-301F-11D3-BF4B-00C04F79EFBC}") = "FbTracker.Web", "FbTracker.Web\FbTracker.Web.csproj", "{05C3C545-A39A-4A4F-8C0E-F4B765486603}"
EndProject
Project("{FAE04EC0-301F-11D3-BF4B-00C04F79EFBC}") = "Facebook", "..\Facebook\Facebook.csproj", "{2CA46CD1-7165-4ED6-8918-C8E8D71A1EFA}"
EndProject
Global
	GlobalSection(SolutionConfigurationPlatforms) = preSolution
		Debug|Any CPU = Debug|Any CPU
		Release|Any CPU = Release|Any CPU
	EndGlobalSection
	GlobalSection(ProjectConfigurationPlatforms) = postSolution
		{3A722C9E-9BE8-47D1-9DF8-4F46C63F7847}.Debug|Any CPU.ActiveCfg = Debug|Any CPU
		{3A722C9E-9BE8-47D1-9DF8-4F46C63F7847}.Debug|Any CPU.Build.0 = Debug|Any CPU
		{3A722C9E-9BE8-47D1-9DF8-4F46C63F7847}.Release|Any CPU.ActiveCfg = Release|Any CPU
		{3A722C9E-9BE8-47D1-9DF8-4F46C63F7847}.Release|Any CPU.Build.0 = Release|Any CPU
		{05C3C545-A39A-4A4F-8C0E-F4B765486603}.Debug|Any CPU.ActiveCfg = Debug|Any CPU
		{05C3C545-A39A-4A4F-8C0E-F4B765486603}.Debug|Any CPU.Build.0 = Debug|Any CPU
		{05C3C545-A39A-4A4F-8C0E-F4B765486603}.Release|Any CPU.ActiveCfg = Release|Any CPU
		{05C3C545-A39A-4A4F-8C0E-F4B765486603}.Release|Any CPU.Build.0 = Release|Any CPU
		{2CA46CD1-7165-4ED6-8918-C8E8D71A1EFA}.Debug|Any CPU.ActiveCfg = Debug|Any CPU
		{2CA46CD1-7165-4ED6-8918-C8E8D71A1EFA}.Debug|Any CPU.Build.0 = Debug|Any CPU
		{2CA46CD1-7165-4ED6-8918-C8E8D71A1EFA}.Release|Any CPU.ActiveCfg = Release|Any CPU
		{2CA46CD1-7165-4ED6-8918-C8E8D71A1EFA}.Release|Any CPU.Build.0 = Release|Any CPU
	EndGlobalSection
	GlobalSection(SolutionProperties) = preSolution
		HideSolutionNode = FALSE
	EndGlobalSection
EndGlobal
